{
  "name": "datastream-append-demo",
  "version": "1.0.0",
  "lockfileVersion": 3,
  "requires": true,
  "packages": {
    "": {
      "name": "datastream-append-demo",
      "version": "1.0.0",
      "dependencies": {
        "@dataform/core": "^3.0.0"
      }
    },
    "node_modules/@dataform/core": {
      "version": "3.0.53",
      "resolved": "https://registry.npmjs.org/@dataform/core/-/core-3.0.53.tgz",
      "integrity": "sha512-v1ITKzcsHN3x+VdudQsiVZN6Zg7qxnu/1YcvehtKHgBzShZKCQsvbJHZ++xS6tOiUpSzknpK3UdoI0S7wBJDdQ==",
      "license": "Apache-2.0"
    }
  }
}
